
Microsoft Visual Studio Solution File, Format Version 12.00
# Visual Studio 2013
VisualStudioVersion = 12.0.31101.0
MinimumVisualStudioVersion = 10.0.40219.1
Project("{8BC9CEB8-8B4A-11D0-8D11-00A0C91BC942}") = "OGL_GameEngine", "OGL_GameEngine\OGL_GameEngine.vcxproj", "{C010DFE7-50E7-4699-911E-14B4F5BC90DB}"
EndProject
Global
	GlobalSection(SolutionConfigurationPlatforms) = preSolution
		Debug|Win32 = Debug|Win32
		Release|Win32 = Release|Win32
	EndGlobalSection
	GlobalSection(ProjectConfigurationPlatforms) = postSolution
		{C010DFE7-50E7-4699-911E-14B4F5BC90DB}.Debug|Win32.ActiveCfg = Debug|Win32
		{C010DFE7-50E7-4699-911E-14B4F5BC90DB}.Debug|Win32.Build.0 = Debug|Win32
		{C010DFE7-50E7-4699-911E-14B4F5BC90DB}.Release|Win32.ActiveCfg = Release|Win32
		{C010DFE7-50E7-4699-911E-14B4F5BC90DB}.Release|Win32.Build.0 = Release|Win32
	EndGlobalSection
	GlobalSection(SolutionProperties) = preSolution
		HideSolutionNode = FALSE
	EndGlobalSection
EndGlobal
