<?xml version="1.0" encoding="utf-8"?>
<Project ToolsVersion="4.0" xmlns="http://schemas.microsoft.com/developer/msbuild/2003">
  <ItemGroup>
    <Filter Include="Source Files">
      <UniqueIdentifier>{4FC737F1-C7A5-4376-A066-2A32D752A2FF}</UniqueIdentifier>
      <Extensions>cpp;c;cc;cxx;def;odl;idl;hpj;bat;asm;asmx</Extensions>
    </Filter>
    <Filter Include="Header Files">
      <UniqueIdentifier>{93995380-89BD-4b04-88EB-625FBE52EBFB}</UniqueIdentifier>
      <Extensions>h;hh;hpp;hxx;hm;inl;inc;xsd</Extensions>
    </Filter>
    <Filter Include="Resource Files">
      <UniqueIdentifier>{67DA6AB6-F800-4c08-8B7A-83BB121AAD01}</UniqueIdentifier>
      <Extensions>rc;ico;cur;bmp;dlg;rc2;rct;bin;rgs;gif;jpg;jpeg;jpe;resx;tiff;tif;png;wav;mfcribbon-ms</Extensions>
    </Filter>
    <Filter Include="Header Files\Entity">
      <UniqueIdentifier>{e7c267c3-d6c6-4a5f-b53f-bf911cb9c0b8}</UniqueIdentifier>
    </Filter>
    <Filter Include="Header Files\glew">
      <UniqueIdentifier>{1633f08c-f1a0-48d8-9df4-4a70285702e3}</UniqueIdentifier>
    </Filter>
    <Filter Include="Header Files\Objects">
      <UniqueIdentifier>{068d5da5-9420-4f41-84e3-ea33d684b9de}</UniqueIdentifier>
    </Filter>
    <Filter Include="Header Files\States">
      <UniqueIdentifier>{2a8987a3-2d35-49da-9c17-c9e41f9475df}</UniqueIdentifier>
    </Filter>
    <Filter Include="Source Files\States">
      <UniqueIdentifier>{2298a264-48bc-432d-bf95-0ea346cd622e}</UniqueIdentifier>
    </Filter>
    <Filter Include="Header Files\Camera">
      <UniqueIdentifier>{7f92a235-2f4e-40b8-8875-ce584990ebdc}</UniqueIdentifier>
    </Filter>
    <Filter Include="Source Files\Camera">
      <UniqueIdentifier>{f4e9a0ac-4828-450f-8f6b-b0669ba11c54}</UniqueIdentifier>
    </Filter>
    <Filter Include="Source Files\glew">
      <UniqueIdentifier>{2218b5da-b5d1-4502-9cd0-e8693f1b1293}</UniqueIdentifier>
    </Filter>
    <Filter Include="FleXcore">
      <UniqueIdentifier>{ec0d0a13-c986-488a-9ea9-9100d43218e0}</UniqueIdentifier>
    </Filter>
    <Filter Include="Source Files\Objects">
      <UniqueIdentifier>{e50231fb-815c-4d24-a45e-e9954c2d63e8}</UniqueIdentifier>
    </Filter>
  </ItemGroup>
  <ItemGroup>
    <ClCompile Include="main.cpp">
      <Filter>Source Files</Filter>
    </ClCompile>
    <ClCompile Include="State.cpp">
      <Filter>Source Files\States</Filter>
    </ClCompile>
    <ClCompile Include="FPSCamera.cpp">
      <Filter>Source Files\Camera</Filter>
    </ClCompile>
    <ClCompile Include="glew.cpp">
      <Filter>Source Files\glew</Filter>
    </ClCompile>
    <ClCompile Include="Shader.cpp">
      <Filter>Source Files</Filter>
    </ClCompile>
    <ClCompile Include="StateManager.cpp">
      <Filter>Source Files\States</Filter>
    </ClCompile>
    <ClCompile Include="Model.cpp">
      <Filter>Source Files</Filter>
    </ClCompile>
    <ClCompile Include="Math.cpp">
      <Filter>Source Files</Filter>
    </ClCompile>
    <ClCompile Include="flexutil.cpp">
      <Filter>Source Files</Filter>
    </ClCompile>
    <ClCompile Include="flex\core\aabbtree.cpp">
      <Filter>FleXcore</Filter>
    </ClCompile>
    <ClCompile Include="flex\core\core.cpp">
      <Filter>FleXcore</Filter>
    </ClCompile>
    <ClCompile Include="flex\core\maths.cpp">
      <Filter>FleXcore</Filter>
    </ClCompile>
    <ClCompile Include="flex\core\mesh.cpp">
      <Filter>FleXcore</Filter>
    </ClCompile>
    <ClCompile Include="flex\core\perlin.cpp">
      <Filter>FleXcore</Filter>
    </ClCompile>
    <ClCompile Include="flex\core\pfm.cpp">
      <Filter>FleXcore</Filter>
    </ClCompile>
    <ClCompile Include="flex\core\platform.cpp">
      <Filter>FleXcore</Filter>
    </ClCompile>
    <ClCompile Include="flex\core\sdf.cpp">
      <Filter>FleXcore</Filter>
    </ClCompile>
    <ClCompile Include="flex\core\tga.cpp">
      <Filter>FleXcore</Filter>
    </ClCompile>
    <ClCompile Include="flex\core\voxelize.cpp">
      <Filter>FleXcore</Filter>
    </ClCompile>
    <ClCompile Include="OBJLoader_SRF.cpp">
      <Filter>Source Files</Filter>
    </ClCompile>
    <ClCompile Include="FlexClothObject.cpp">
      <Filter>Source Files\Objects</Filter>
    </ClCompile>
    <ClCompile Include="FlexRigidObject.cpp">
      <Filter>Source Files\Objects</Filter>
    </ClCompile>
    <ClCompile Include="GUIHandler.cpp">
      <Filter>Source Files</Filter>
    </ClCompile>
  </ItemGroup>
  <ItemGroup>
    <ClInclude Include="Headers.h">
      <Filter>Header Files</Filter>
    </ClInclude>
    <ClInclude Include="Shader.h">
      <Filter>Header Files</Filter>
    </ClInclude>
    <ClInclude Include="SDLInputHandler.h">
      <Filter>Header Files</Filter>
    </ClInclude>
    <ClInclude Include="SDLFrameRateController.h">
      <Filter>Header Files</Filter>
    </ClInclude>
    <ClInclude Include="GameObject.h">
      <Filter>Header Files</Filter>
    </ClInclude>
    <ClInclude Include="EntityNodes.h">
      <Filter>Header Files\Entity</Filter>
    </ClInclude>
    <ClInclude Include="EntitiySystem.h">
      <Filter>Header Files\Entity</Filter>
    </ClInclude>
    <ClInclude Include="EntityComponents.h">
      <Filter>Header Files\Entity</Filter>
    </ClInclude>
    <ClInclude Include="EntityEngine.h">
      <Filter>Header Files\Entity</Filter>
    </ClInclude>
    <ClInclude Include="GL\wglew.h">
      <Filter>Header Files\glew</Filter>
    </ClInclude>
    <ClInclude Include="GL\glew.h">
      <Filter>Header Files\glew</Filter>
    </ClInclude>
    <ClInclude Include="OBJLoader_SRF.h">
      <Filter>Header Files</Filter>
    </ClInclude>
    <ClInclude Include="AssetBox.h">
      <Filter>Header Files</Filter>
    </ClInclude>
    <ClInclude Include="Model.h">
      <Filter>Header Files</Filter>
    </ClInclude>
    <ClInclude Include="Math.h">
      <Filter>Header Files</Filter>
    </ClInclude>
    <ClInclude Include="StaticObject.h">
      <Filter>Header Files\Objects</Filter>
    </ClInclude>
    <ClInclude Include="SpinningSquare.h">
      <Filter>Header Files\Objects</Filter>
    </ClInclude>
    <ClInclude Include="GameSphere.h">
      <Filter>Header Files\Objects</Filter>
    </ClInclude>
    <ClInclude Include="State.h">
      <Filter>Header Files\States</Filter>
    </ClInclude>
    <ClInclude Include="GameState.h">
      <Filter>Header Files\States</Filter>
    </ClInclude>
    <ClInclude Include="StateManager.h">
      <Filter>Header Files\States</Filter>
    </ClInclude>
    <ClInclude Include="FPSCamera.h">
      <Filter>Header Files\Camera</Filter>
    </ClInclude>
    <ClInclude Include="PauseState.h">
      <Filter>Header Files\States</Filter>
    </ClInclude>
    <ClInclude Include="ModelMesh.h">
      <Filter>Header Files</Filter>
    </ClInclude>
    <ClInclude Include="flexutil.h">
      <Filter>Header Files</Filter>
    </ClInclude>
    <ClInclude Include="flex\core\aabbtree.h">
      <Filter>FleXcore</Filter>
    </ClInclude>
    <ClInclude Include="flex\core\cloth.h">
      <Filter>FleXcore</Filter>
    </ClInclude>
    <ClInclude Include="flex\core\convex.h">
      <Filter>FleXcore</Filter>
    </ClInclude>
    <ClInclude Include="flex\core\core.h">
      <Filter>FleXcore</Filter>
    </ClInclude>
    <ClInclude Include="flex\core\mat22.h">
      <Filter>FleXcore</Filter>
    </ClInclude>
    <ClInclude Include="flex\core\mat33.h">
      <Filter>FleXcore</Filter>
    </ClInclude>
    <ClInclude Include="flex\core\mat44.h">
      <Filter>FleXcore</Filter>
    </ClInclude>
    <ClInclude Include="flex\core\maths.h">
      <Filter>FleXcore</Filter>
    </ClInclude>
    <ClInclude Include="flex\core\matnn.h">
      <Filter>FleXcore</Filter>
    </ClInclude>
    <ClInclude Include="flex\core\mesh.h">
      <Filter>FleXcore</Filter>
    </ClInclude>
    <ClInclude Include="flex\core\perlin.h">
      <Filter>FleXcore</Filter>
    </ClInclude>
    <ClInclude Include="flex\core\pfm.h">
      <Filter>FleXcore</Filter>
    </ClInclude>
    <ClInclude Include="flex\core\platform.h">
      <Filter>FleXcore</Filter>
    </ClInclude>
    <ClInclude Include="flex\core\point3.h">
      <Filter>FleXcore</Filter>
    </ClInclude>
    <ClInclude Include="flex\core\quat.h">
      <Filter>FleXcore</Filter>
    </ClInclude>
    <ClInclude Include="flex\core\sdf.h">
      <Filter>FleXcore</Filter>
    </ClInclude>
    <ClInclude Include="flex\core\skylight.h">
      <Filter>FleXcore</Filter>
    </ClInclude>
    <ClInclude Include="flex\core\tga.h">
      <Filter>FleXcore</Filter>
    </ClInclude>
    <ClInclude Include="flex\core\types.h">
      <Filter>FleXcore</Filter>
    </ClInclude>
    <ClInclude Include="flex\core\vec2.h">
      <Filter>FleXcore</Filter>
    </ClInclude>
    <ClInclude Include="flex\core\vec3.h">
      <Filter>FleXcore</Filter>
    </ClInclude>
    <ClInclude Include="flex\core\vec4.h">
      <Filter>FleXcore</Filter>
    </ClInclude>
    <ClInclude Include="flex\core\voxelize.h">
      <Filter>FleXcore</Filter>
    </ClInclude>
    <ClInclude Include="FlexRigidObject.h">
      <Filter>Header Files\Objects</Filter>
    </ClInclude>
    <ClInclude Include="FlexClothObject.h">
      <Filter>Header Files\Objects</Filter>
    </ClInclude>
    <ClInclude Include="GUIHandler.h">
      <Filter>Header Files</Filter>
    </ClInclude>
  </ItemGroup>
</Project>